
Microsoft Visual Studio Solution File, Format Version 12.00
# Visual Studio Version 16
VisualStudioVersion = 16.0.30128.74
MinimumVisualStudioVersion = 10.0.40219.1
Project("{6EC3EE1D-3C4E-46DD-8F32-0CC8E7565705}") = "Suave.Razor", "Suave.Razor\Suave.Razor.fsproj", "{C84C6C27-335D-4C6A-BA4B-A98B877121AE}"
EndProject
Project("{F2A71F9B-5D33-465A-A702-920D77279786}") = "Suave.Razor.Tests", "Suave.Razor.Tests\Suave.Razor.Tests.fsproj", "{2804AD30-0D75-4941-A5F6-4B05AFD78620}"
EndProject
Project("{9A19103F-16F7-4668-BE54-9A1E7A4F7556}") = "Suave.RazorEngine", "Suave.RazorEngine\Suave.RazorEngine.csproj", "{1E08EB7A-17D5-4607-BE1E-52E956715EB0}"
EndProject
Global
	GlobalSection(SolutionConfigurationPlatforms) = preSolution
		Debug|Any CPU = Debug|Any CPU
		Release|Any CPU = Release|Any CPU
	EndGlobalSection
	GlobalSection(ProjectConfigurationPlatforms) = postSolution
		{C84C6C27-335D-4C6A-BA4B-A98B877121AE}.Debug|Any CPU.ActiveCfg = Debug|Any CPU
		{C84C6C27-335D-4C6A-BA4B-A98B877121AE}.Debug|Any CPU.Build.0 = Debug|Any CPU
		{C84C6C27-335D-4C6A-BA4B-A98B877121AE}.Release|Any CPU.ActiveCfg = Release|Any CPU
		{C84C6C27-335D-4C6A-BA4B-A98B877121AE}.Release|Any CPU.Build.0 = Release|Any CPU
		{2804AD30-0D75-4941-A5F6-4B05AFD78620}.Debug|Any CPU.ActiveCfg = Debug|Any CPU
		{2804AD30-0D75-4941-A5F6-4B05AFD78620}.Debug|Any CPU.Build.0 = Debug|Any CPU
		{2804AD30-0D75-4941-A5F6-4B05AFD78620}.Release|Any CPU.ActiveCfg = Release|Any CPU
		{2804AD30-0D75-4941-A5F6-4B05AFD78620}.Release|Any CPU.Build.0 = Release|Any CPU
		{1E08EB7A-17D5-4607-BE1E-52E956715EB0}.Debug|Any CPU.ActiveCfg = Debug|Any CPU
		{1E08EB7A-17D5-4607-BE1E-52E956715EB0}.Debug|Any CPU.Build.0 = Debug|Any CPU
		{1E08EB7A-17D5-4607-BE1E-52E956715EB0}.Release|Any CPU.ActiveCfg = Release|Any CPU
		{1E08EB7A-17D5-4607-BE1E-52E956715EB0}.Release|Any CPU.Build.0 = Release|Any CPU
	EndGlobalSection
	GlobalSection(SolutionProperties) = preSolution
		HideSolutionNode = FALSE
	EndGlobalSection
	GlobalSection(ExtensibilityGlobals) = postSolution
		SolutionGuid = {0927A5FC-D510-4E15-8301-9649D0F23166}
	EndGlobalSection
EndGlobal
